
Microsoft Visual Studio Solution File, Format Version 12.00
# Visual Studio Version 17
VisualStudioVersion = 17.0.31919.166
MinimumVisualStudioVersion = 10.0.40219.1
Project("{FAE04EC0-301F-11D3-BF4B-00C04F79EFBC}") = "uc9_matriz_correçao", "uc9_matriz_correçao\uc9_matriz_correçao.csproj", "{62876B23-F741-49FD-81EB-A478FA285AC6}"
EndProject
Global
	GlobalSection(SolutionConfigurationPlatforms) = preSolution
		Debug|Any CPU = Debug|Any CPU
		Release|Any CPU = Release|Any CPU
	EndGlobalSection
	GlobalSection(ProjectConfigurationPlatforms) = postSolution
		{62876B23-F741-49FD-81EB-A478FA285AC6}.Debug|Any CPU.ActiveCfg = Debug|Any CPU
		{62876B23-F741-49FD-81EB-A478FA285AC6}.Debug|Any CPU.Build.0 = Debug|Any CPU
		{62876B23-F741-49FD-81EB-A478FA285AC6}.Release|Any CPU.ActiveCfg = Release|Any CPU
		{62876B23-F741-49FD-81EB-A478FA285AC6}.Release|Any CPU.Build.0 = Release|Any CPU
	EndGlobalSection
	GlobalSection(SolutionProperties) = preSolution
		HideSolutionNode = FALSE
	EndGlobalSection
	GlobalSection(ExtensibilityGlobals) = postSolution
		SolutionGuid = {F0317EB9-A5E7-4773-A262-4C871CC3DA71}
	EndGlobalSection
EndGlobal
